
Microsoft Visual Studio Solution File, Format Version 12.00
# Visual Studio Version 17
VisualStudioVersion = 17.1.32328.378
MinimumVisualStudioVersion = 10.0.40219.1
Project("{FAE04EC0-301F-11D3-BF4B-00C04F79EFBC}") = "FredyGonzlez03", "FredyGonzlez03\FredyGonzlez03.csproj", "{C61D990B-1A3F-493B-9F3F-5D78421B717E}"
EndProject
Global
	GlobalSection(SolutionConfigurationPlatforms) = preSolution
		Debug|Any CPU = Debug|Any CPU
		Release|Any CPU = Release|Any CPU
	EndGlobalSection
	GlobalSection(ProjectConfigurationPlatforms) = postSolution
		{C61D990B-1A3F-493B-9F3F-5D78421B717E}.Debug|Any CPU.ActiveCfg = Debug|Any CPU
		{C61D990B-1A3F-493B-9F3F-5D78421B717E}.Debug|Any CPU.Build.0 = Debug|Any CPU
		{C61D990B-1A3F-493B-9F3F-5D78421B717E}.Release|Any CPU.ActiveCfg = Release|Any CPU
		{C61D990B-1A3F-493B-9F3F-5D78421B717E}.Release|Any CPU.Build.0 = Release|Any CPU
	EndGlobalSection
	GlobalSection(SolutionProperties) = preSolution
		HideSolutionNode = FALSE
	EndGlobalSection
	GlobalSection(ExtensibilityGlobals) = postSolution
		SolutionGuid = {B089FF98-8009-47F4-8837-E8C66BB66A7A}
	EndGlobalSection
EndGlobal
